
Microsoft Visual Studio Solution File, Format Version 12.00
# Visual Studio Version 16
VisualStudioVersion = 16.0.31613.86
MinimumVisualStudioVersion = 10.0.40219.1
Project("{FAE04EC0-301F-11D3-BF4B-00C04F79EFBC}") = "CarWashApi", "CarWashApi.csproj", "{871C87E1-A417-4AD5-9274-4853C630FFAC}"
EndProject
Global
	GlobalSection(SolutionConfigurationPlatforms) = preSolution
		Debug|Any CPU = Debug|Any CPU
		Release|Any CPU = Release|Any CPU
	EndGlobalSection
	GlobalSection(ProjectConfigurationPlatforms) = postSolution
		{871C87E1-A417-4AD5-9274-4853C630FFAC}.Debug|Any CPU.ActiveCfg = Debug|Any CPU
		{871C87E1-A417-4AD5-9274-4853C630FFAC}.Debug|Any CPU.Build.0 = Debug|Any CPU
		{871C87E1-A417-4AD5-9274-4853C630FFAC}.Release|Any CPU.ActiveCfg = Release|Any CPU
		{871C87E1-A417-4AD5-9274-4853C630FFAC}.Release|Any CPU.Build.0 = Release|Any CPU
	EndGlobalSection
	GlobalSection(SolutionProperties) = preSolution
		HideSolutionNode = FALSE
	EndGlobalSection
	GlobalSection(ExtensibilityGlobals) = postSolution
		SolutionGuid = {E098FC91-776A-4692-96E0-85CF0BAC445D}
	EndGlobalSection
EndGlobal
